
Microsoft Visual Studio Solution File, Format Version 12.00
# Visual Studio Version 17
VisualStudioVersion = 17.13.35806.99 d17.13
MinimumVisualStudioVersion = 10.0.40219.1
Project("{FAE04EC0-301F-11D3-BF4B-00C04F79EFBC}") = "CarsLibrary", "CarsLibrary.csproj", "{21FC5709-3717-45A3-8E43-7AC98CFB0E0B}"
EndProject
Project("{FAE04EC0-301F-11D3-BF4B-00C04F79EFBC}") = "Cars.Test", "..\Cars.Test\Cars.Test.csproj", "{77B39CA5-DD37-46E7-9203-2CBADDF75BA2}"
EndProject
Global
	GlobalSection(SolutionConfigurationPlatforms) = preSolution
		Debug|Any CPU = Debug|Any CPU
		Release|Any CPU = Release|Any CPU
	EndGlobalSection
	GlobalSection(ProjectConfigurationPlatforms) = postSolution
		{21FC5709-3717-45A3-8E43-7AC98CFB0E0B}.Debug|Any CPU.ActiveCfg = Debug|Any CPU
		{21FC5709-3717-45A3-8E43-7AC98CFB0E0B}.Debug|Any CPU.Build.0 = Debug|Any CPU
		{21FC5709-3717-45A3-8E43-7AC98CFB0E0B}.Release|Any CPU.ActiveCfg = Release|Any CPU
		{21FC5709-3717-45A3-8E43-7AC98CFB0E0B}.Release|Any CPU.Build.0 = Release|Any CPU
		{77B39CA5-DD37-46E7-9203-2CBADDF75BA2}.Debug|Any CPU.ActiveCfg = Debug|Any CPU
		{77B39CA5-DD37-46E7-9203-2CBADDF75BA2}.Debug|Any CPU.Build.0 = Debug|Any CPU
		{77B39CA5-DD37-46E7-9203-2CBADDF75BA2}.Release|Any CPU.ActiveCfg = Release|Any CPU
		{77B39CA5-DD37-46E7-9203-2CBADDF75BA2}.Release|Any CPU.Build.0 = Release|Any CPU
	EndGlobalSection
	GlobalSection(SolutionProperties) = preSolution
		HideSolutionNode = FALSE
	EndGlobalSection
	GlobalSection(ExtensibilityGlobals) = postSolution
		SolutionGuid = {2835525E-3768-4B01-B11C-D1D3B89483A4}
	EndGlobalSection
EndGlobal
